
Microsoft Visual Studio Solution File, Format Version 12.00
# Visual Studio Version 17
VisualStudioVersion = 17.10.35027.167
MinimumVisualStudioVersion = 10.0.40219.1
Project("{FAE04EC0-301F-11D3-BF4B-00C04F79EFBC}") = "Password_Haashing_Demo", "Password_Haashing_Demo\Password_Haashing_Demo.csproj", "{DA2232F6-40F1-41B7-83CA-B3CFD94021EC}"
EndProject
Global
	GlobalSection(SolutionConfigurationPlatforms) = preSolution
		Debug|Any CPU = Debug|Any CPU
		Release|Any CPU = Release|Any CPU
	EndGlobalSection
	GlobalSection(ProjectConfigurationPlatforms) = postSolution
		{DA2232F6-40F1-41B7-83CA-B3CFD94021EC}.Debug|Any CPU.ActiveCfg = Debug|Any CPU
		{DA2232F6-40F1-41B7-83CA-B3CFD94021EC}.Debug|Any CPU.Build.0 = Debug|Any CPU
		{DA2232F6-40F1-41B7-83CA-B3CFD94021EC}.Release|Any CPU.ActiveCfg = Release|Any CPU
		{DA2232F6-40F1-41B7-83CA-B3CFD94021EC}.Release|Any CPU.Build.0 = Release|Any CPU
	EndGlobalSection
	GlobalSection(SolutionProperties) = preSolution
		HideSolutionNode = FALSE
	EndGlobalSection
	GlobalSection(ExtensibilityGlobals) = postSolution
		SolutionGuid = {CB86B314-91FF-4C7C-A7BE-7D6BCCD9DB59}
	EndGlobalSection
EndGlobal
